Microsoft Visual Studio Solution File, Format Version 12.00
# Visual Studio Version 17
VisualStudioVersion = 17.5.2.0
MinimumVisualStudioVersion = 10.0.40219.1
Project("{FAE04EC0-301F-11D3-BF4B-00C04F79EFBC}") = "enso_Certamen", "enso_Certamen.csproj", "{433423A0-A419-B920-B92A-06207D1FFD07}"
EndProject
Global
	GlobalSection(SolutionConfigurationPlatforms) = preSolution
		Debug|Any CPU = Debug|Any CPU
		Release|Any CPU = Release|Any CPU
	EndGlobalSection
	GlobalSection(ProjectConfigurationPlatforms) = postSolution
		{433423A0-A419-B920-B92A-06207D1FFD07}.Debug|Any CPU.ActiveCfg = Debug|Any CPU
		{433423A0-A419-B920-B92A-06207D1FFD07}.Debug|Any CPU.Build.0 = Debug|Any CPU
		{433423A0-A419-B920-B92A-06207D1FFD07}.Release|Any CPU.ActiveCfg = Release|Any CPU
		{433423A0-A419-B920-B92A-06207D1FFD07}.Release|Any CPU.Build.0 = Release|Any CPU
	EndGlobalSection
	GlobalSection(SolutionProperties) = preSolution
		HideSolutionNode = FALSE
	EndGlobalSection
	GlobalSection(ExtensibilityGlobals) = postSolution
		SolutionGuid = {AD712C41-20E5-44D7-B516-83F3000C31A4}
	EndGlobalSection
EndGlobal
